PODS:
  - AFNetworking (2.6.3):
    - AFNetworking/NSURLConnection (= 2.6.3)
    - AFNetworking/NSURLSession (= 2.6.3)
    - AFNetworking/Reachability (= 2.6.3)
    - AFNetworking/Security (= 2.6.3)
    - AFNetworking/Serialization (= 2.6.3)
    - AFNetworking/UIKit (= 2.6.3)
  - AFNetworking/NSURLConnection (2.6.3):
    - AFNetworking/Reachability
    - AFNetworking/Security
    - AFNetworking/Serialization
  - AFNetworking/NSURLSession (2.6.3):
    - AFNetworking/Reachability
    - AFNetworking/Security
    - AFNetworking/Serialization
  - AFNetworking/Reachability (2.6.3)
  - AFNetworking/Security (2.6.3)
  - AFNetworking/Serialization (2.6.3)
  - AFNetworking/UIKit (2.6.3):
    - AFNetworking/NSURLConnection
    - AFNetworking/NSURLSession
  - AppsFlyerFramework (4.5.1)
  - Bolts (1.8.1):
    - Bolts/AppLinks (= 1.8.1)
    - Bolts/Tasks (= 1.8.1)
  - Bolts/AppLinks (1.8.1):
    - Bolts/Tasks
  - Bolts/Tasks (1.8.1)
  - Crashlytics (3.7.2):
    - Fabric (~> 1.6.3)
  - Fabric (1.6.7)
  - FBSDKCoreKit (4.12.0):
    - Bolts (~> 1.7)
  - FBSDKLoginKit (4.12.0):
    - FBSDKCoreKit
  - FBSDKShareKit (4.12.0):
    - FBSDKCoreKit
  - IQKeyboardManager (4.0.4)
  - JPush (2.1.8)
  - MBProgressHUD (0.9.2)
  - MJRefresh (3.1.10)
  - SDWebImage (3.8.1):
    - SDWebImage/Core (= 3.8.1)
  - SDWebImage/Core (3.8.1)
  - SocketRocket (0.5.1)
  - TwitterCore (2.3.0):
    - Fabric
  - TwitterKit (2.3.0):
    - TwitterCore (= 2.3.0)

DEPENDENCIES:
  - AFNetworking (~> 2.0)
  - AppsFlyerFramework
  - Crashlytics
  - Fabric
  - FBSDKCoreKit (~> 4.12.0)
  - FBSDKLoginKit (~> 4.12.0)
  - FBSDKShareKit (~> 4.12.0)
  - IQKeyboardManager
  - JPush
  - MBProgressHUD (~> 0.9.1)
  - MJRefresh
  - SDWebImage (~> 3.7)
  - SocketRocket (~> 0.5.1)
  - TwitterKit

SPEC CHECKSUMS:
  AFNetworking: cb8d14a848e831097108418f5d49217339d4eb60
  AppsFlyerFramework: 3d62e8c0408280ed06431345e192a461db339400
  Bolts: 89c0c6dd1b9c975a3452a62d57a6be6739e5f433
  Crashlytics: 130ab943f8c78cda7a814b434f270b2e2c8a3cba
  Fabric: caf7580c725e64db144f610ac65cd60956911dc7
  FBSDKCoreKit: 6e56d5a2a64a755ad4efb5dbeee8f82fb1b99775
  FBSDKLoginKit: 03f68a8d48c2c8bb81d7eb8097973d483543e1f6
  FBSDKShareKit: df1491f064cffc8ebcc3fc8b71be94cc190c728e
  IQKeyboardManager: 4a6f83b540283c2645aaeba2bd8dc0f09b5c77f8
  JPush: 2d1286494eae216433f6d7709b2721565b4babc9
  MBProgressHUD: 1569cf7ace17a8bac47aabfbb8580a49690386d1
  MJRefresh: bb72948c985914b0b5cecac573a2c69a8915fb02
  SDWebImage: 35f9627a3e44b4f292a8a8ce6a531fa488239b91
  SocketRocket: d57c7159b83c3c6655745cd15302aa24b6bae531
  TwitterCore: 817eae3e291fa4125b47789e26a4f6f024115c1f
  TwitterKit: 8a383da8d9c21b0423716381ea8bbfce20622d91

COCOAPODS: 0.39.0
